
Microsoft Visual Studio Solution File, Format Version 12.00
# Visual Studio Version 16
VisualStudioVersion = 16.0.30717.126
MinimumVisualStudioVersion = 10.0.40219.1
Project("{FAE04EC0-301F-11D3-BF4B-00C04F79EFBC}") = "Lagerverwaltung.Web", "Lagerverwaltung.Web\Lagerverwaltung.Web.csproj", "{63CC64D9-B462-4EC5-85A4-FB9E51405846}"
EndProject
Project("{FAE04EC0-301F-11D3-BF4B-00C04F79EFBC}") = "Lagerverwaltung.Model", "Lagerverwaltung.Model\Lagerverwaltung.Model.csproj", "{79133EBA-AF6F-44CF-B779-0023A670DBA8}"
EndProject
Global
	GlobalSection(SolutionConfigurationPlatforms) = preSolution
		Debug|Any CPU = Debug|Any CPU
		Release|Any CPU = Release|Any CPU
	EndGlobalSection
	GlobalSection(ProjectConfigurationPlatforms) = postSolution
		{63CC64D9-B462-4EC5-85A4-FB9E51405846}.Debug|Any CPU.ActiveCfg = Debug|Any CPU
		{63CC64D9-B462-4EC5-85A4-FB9E51405846}.Debug|Any CPU.Build.0 = Debug|Any CPU
		{63CC64D9-B462-4EC5-85A4-FB9E51405846}.Release|Any CPU.ActiveCfg = Release|Any CPU
		{63CC64D9-B462-4EC5-85A4-FB9E51405846}.Release|Any CPU.Build.0 = Release|Any CPU
		{79133EBA-AF6F-44CF-B779-0023A670DBA8}.Debug|Any CPU.ActiveCfg = Debug|Any CPU
		{79133EBA-AF6F-44CF-B779-0023A670DBA8}.Debug|Any CPU.Build.0 = Debug|Any CPU
		{79133EBA-AF6F-44CF-B779-0023A670DBA8}.Release|Any CPU.ActiveCfg = Release|Any CPU
		{79133EBA-AF6F-44CF-B779-0023A670DBA8}.Release|Any CPU.Build.0 = Release|Any CPU
	EndGlobalSection
	GlobalSection(SolutionProperties) = preSolution
		HideSolutionNode = FALSE
	EndGlobalSection
	GlobalSection(ExtensibilityGlobals) = postSolution
		SolutionGuid = {52A37525-0B15-4A1A-B0C8-A9C10D56E94F}
	EndGlobalSection
EndGlobal
